
Microsoft Visual Studio Solution File, Format Version 12.00
# Visual Studio 14
VisualStudioVersion = 14.0.25123.0
MinimumVisualStudioVersion = 10.0.40219.1
Project("{FAE04EC0-301F-11D3-BF4B-00C04F79EFBC}") = "Onion.Domain", "Onion.Domain\Onion.Domain.csproj", "{E01F97E3-F43D-4A35-A291-307115DB2618}"
EndProject
Project("{FAE04EC0-301F-11D3-BF4B-00C04F79EFBC}") = "Onion.Console", "Onion.Console\Onion.Console.csproj", "{32373B8B-6D30-4F33-BE6D-8EB617EDA71C}"
EndProject
Project("{FAE04EC0-301F-11D3-BF4B-00C04F79EFBC}") = "Yahoo.Data", "Yahoo.Data\Yahoo.Data.csproj", "{F40830BB-8465-455E-AA4D-EFAC53C6DBBC}"
EndProject
Project("{FAE04EC0-301F-11D3-BF4B-00C04F79EFBC}") = "Onion.Test", "Onion.Test\Onion.Test.csproj", "{BC433038-856B-441F-B2AE-D306BC8C9031}"
EndProject
Project("{2150E333-8FDC-42A3-9474-1A3956D46DE8}") = "Tests", "Tests", "{4F565954-1C68-4CA4-9D27-2ACDBF5DA1B7}"
EndProject
Global
	GlobalSection(SolutionConfigurationPlatforms) = preSolution
		Debug|Any CPU = Debug|Any CPU
		Release|Any CPU = Release|Any CPU
	EndGlobalSection
	GlobalSection(ProjectConfigurationPlatforms) = postSolution
		{E01F97E3-F43D-4A35-A291-307115DB2618}.Debug|Any CPU.ActiveCfg = Debug|Any CPU
		{E01F97E3-F43D-4A35-A291-307115DB2618}.Debug|Any CPU.Build.0 = Debug|Any CPU
		{E01F97E3-F43D-4A35-A291-307115DB2618}.Release|Any CPU.ActiveCfg = Release|Any CPU
		{E01F97E3-F43D-4A35-A291-307115DB2618}.Release|Any CPU.Build.0 = Release|Any CPU
		{32373B8B-6D30-4F33-BE6D-8EB617EDA71C}.Debug|Any CPU.ActiveCfg = Debug|Any CPU
		{32373B8B-6D30-4F33-BE6D-8EB617EDA71C}.Debug|Any CPU.Build.0 = Debug|Any CPU
		{32373B8B-6D30-4F33-BE6D-8EB617EDA71C}.Release|Any CPU.ActiveCfg = Release|Any CPU
		{32373B8B-6D30-4F33-BE6D-8EB617EDA71C}.Release|Any CPU.Build.0 = Release|Any CPU
		{F40830BB-8465-455E-AA4D-EFAC53C6DBBC}.Debug|Any CPU.ActiveCfg = Debug|Any CPU
		{F40830BB-8465-455E-AA4D-EFAC53C6DBBC}.Debug|Any CPU.Build.0 = Debug|Any CPU
		{F40830BB-8465-455E-AA4D-EFAC53C6DBBC}.Release|Any CPU.ActiveCfg = Release|Any CPU
		{F40830BB-8465-455E-AA4D-EFAC53C6DBBC}.Release|Any CPU.Build.0 = Release|Any CPU
		{BC433038-856B-441F-B2AE-D306BC8C9031}.Debug|Any CPU.ActiveCfg = Debug|Any CPU
		{BC433038-856B-441F-B2AE-D306BC8C9031}.Debug|Any CPU.Build.0 = Debug|Any CPU
		{BC433038-856B-441F-B2AE-D306BC8C9031}.Release|Any CPU.ActiveCfg = Release|Any CPU
		{BC433038-856B-441F-B2AE-D306BC8C9031}.Release|Any CPU.Build.0 = Release|Any CPU
	EndGlobalSection
	GlobalSection(SolutionProperties) = preSolution
		HideSolutionNode = FALSE
	EndGlobalSection
	GlobalSection(NestedProjects) = preSolution
		{BC433038-856B-441F-B2AE-D306BC8C9031} = {4F565954-1C68-4CA4-9D27-2ACDBF5DA1B7}
	EndGlobalSection
EndGlobal
